// !$*UTF8*$!
{
	archiveVersion = 1;
	classes = {
	};
	objectVersion = 50;
	objects = {

/* Begin PBXBuildFile section */
		877C6C2424061D160056ACBB /* AppDelegate.m in Sources */ = {isa = PBXBuildFile; fileRef = 877C6C2324061D160056ACBB /* AppDelegate.m */; };
		877C6C2724061D160056ACBB /* SceneDelegate.m in Sources */ = {isa = PBXBuildFile; fileRef = 877C6C2624061D160056ACBB /* SceneDelegate.m */; };
		877C6C2A24061D160056ACBB /* ViewController.m in Sources */ = {isa = PBXBuildFile; fileRef = 877C6C2924061D160056ACBB /* ViewController.m */; };
		877C6C2D24061D160056ACBB /* Main.storyboard in Resources */ = {isa = PBXBuildFile; fileRef = 877C6C2B24061D160056ACBB /* Main.storyboard */; };
		877C6C2F24061D170056ACBB /* Assets.xcassets in Resources */ = {isa = PBXBuildFile; fileRef = 877C6C2E24061D170056ACBB /* Assets.xcassets */; };
		877C6C3224061D170056ACBB /* LaunchScreen.storyboard in Resources */ = {isa = PBXBuildFile; fileRef = 877C6C3024061D170056ACBB /* LaunchScreen.storyboard */; };
		877C6C3524061D170056ACBB /* main.m in Sources */ = {isa = PBXBuildFile; fileRef = 877C6C3424061D170056ACBB /* main.m */; };
/* End PBXBuildFile section */

/* Begin PBXFileReference section */
		877C6C1F24061D160056ACBB /* Git Exploration.app */ = {isa = PBXFileReference; explicitFileType = wrapper.application; includeInIndex = 0; path = "Git Exploration.app"; sourceTree = BUILT_PRODUCTS_DIR; };
		877C6C2224061D160056ACBB /* AppDelegate.h */ = {isa = PBXFileReference; lastKnownFileType = sourcecode.c.h; path = AppDelegate.h; sourceTree = "<group>"; };
		877C6C2324061D160056ACBB /* AppDelegate.m */ = {isa = PBXFileReference; lastKnownFileType = sourcecode.c.objc; path = AppDelegate.m; sourceTree = "<group>"; };
		877C6C2524061D160056ACBB /* SceneDelegate.h */ = {isa = PBXFileReference; lastKnownFileType = sourcecode.c.h; path = SceneDelegate.h; sourceTree = "<group>"; };
		877C6C2624061D160056ACBB /* SceneDelegate.m */ = {isa = PBXFileReference; lastKnownFileType = sourcecode.c.objc; path = SceneDelegate.m; sourceTree = "<group>"; };
		877C6C2824061D160056ACBB /* ViewController.h */ = {isa = PBXFileReference; lastKnownFileType = sourcecode.c.h; path = ViewController.h; sourceTree = "<group>"; };
		877C6C2924061D160056ACBB /* ViewController.m */ = {isa = PBXFileReference; lastKnownFileType = sourcecode.c.objc; path = ViewController.m; sourceTree = "<group>"; };
		877C6C2C24061D160056ACBB /* Base */ = {isa = PBXFileReference; lastKnownFileType = file.storyboard; name = Base; path = Base.lproj/Main.storyboard; sourceTree = "<group>"; };
		877C6C2E24061D170056ACBB /* Assets.xcassets */ = {isa = PBXFileReference; lastKnownFileType = folder.assetcatalog; path = Assets.xcassets; sourceTree = "<group>"; };
		877C6C3124061D170056ACBB /* Base */ = {isa = PBXFileReference; lastKnownFileType = file.storyboard; name = Base; path = Base.lproj/LaunchScreen.storyboard; sourceTree = "<group>"; };
		877C6C3324061D170056ACBB /* Info.plist */ = {isa = PBXFileReference; lastKnownFileType = text.plist.xml; path = Info.plist; sourceTree = "<group>"; };
		877C6C3424061D170056ACBB /* main.m */ = {isa = PBXFileReference; lastKnownFileType = sourcecode.c.objc; path = main.m; sourceTree = "<group>"; };
/* End PBXFileReference section */

/* Begin PBXFrameworksBuildPhase section */
		877C6C1C24061D160056ACBB /* Frameworks */ = {
			isa = PBXFrameworksBuildPhase;
			buildActionMask = 2147483647;
			files = (
			);
			runOnlyForDeploymentPostprocessing = 0;
		};
/* End PBXFrameworksBuildPhase section */

/* Begin PBXGroup section */
		877C6C1624061D160056ACBB = {
			isa = PBXGroup;
			children = (
				877C6C2124061D160056ACBB /* Git Exploration */,
				877C6C2024061D160056ACBB /* Products */,
			);
			sourceTree = "<group>";
		};
		877C6C2024061D160056ACBB /* Products */ = {
			isa = PBXGroup;
			children = (
				877C6C1F24061D160056ACBB /* Git Exploration.app */,
			);
			name = Products;
			sourceTree = "<group>";
		};
		877C6C2124061D160056ACBB /* Git Exploration */ = {
			isa = PBXGroup;
			children = (
				877C6C2224061D160056ACBB /* AppDelegate.h */,
				877C6C2324061D160056ACBB /* AppDelegate.m */,
				877C6C2524061D160056ACBB /* SceneDelegate.h */,
				877C6C2624061D160056ACBB /* SceneDelegate.m */,
				877C6C2824061D160056ACBB /* ViewController.h */,
				877C6C2924061D160056ACBB /* ViewController.m */,
				877C6C2B24061D160056ACBB /* Main.storyboard */,
				877C6C2E24061D170056ACBB /* Assets.xcassets */,
				877C6C3024061D170056ACBB /* LaunchScreen.storyboard */,
				877C6C3324061D170056ACBB /* Info.plist */,
				877C6C3424061D170056ACBB /* main.m */,
			);
			path = "Git Exploration";
			sourceTree = "<group>";
		};
/* End PBXGroup section */

/* Begin PBXNativeTarget section */
		877C6C1E24061D160056ACBB /* Git Exploration */ = {
			isa = PBXNativeTarget;
			buildConfigurationList = 877C6C3824061D170056ACBB /* Build configuration list for PBXNativeTarget "Git Exploration" */;
			buildPhases = (
				877C6C1B24061D160056ACBB /* Sources */,
				877C6C1C24061D160056ACBB /* Frameworks */,
				877C6C1D24061D160056ACBB /* Resources */,
			);
			buildRules = (
			);
			dependencies = (
			);
			name = "Git Exploration";
			productName = "Git Exploration";
			productReference = 877C6C1F24061D160056ACBB /* Git Exploration.app */;
			productType = "com.apple.product-type.application";
		};
/* End PBXNativeTarget section */

/* Begin PBXProject section */
		877C6C1724061D160056ACBB /* Project object */ = {
			isa = PBXProject;
			attributes = {
				LastUpgradeCheck = 1130;
				ORGANIZATIONNAME = "Lambda School";
				TargetAttributes = {
					877C6C1E24061D160056ACBB = {
						CreatedOnToolsVersion = 11.3.1;
					};
				};
			};
			buildConfigurationList = 877C6C1A24061D160056ACBB /* Build configuration list for PBXProject "Git Exploration" */;
			compatibilityVersion = "Xcode 9.3";
			developmentRegion = en;
			hasScannedForEncodings = 0;
			knownRegions = (
				en,
				Base,
			);
			mainGroup = 877C6C1624061D160056ACBB;
			productRefGroup = 877C6C2024061D160056ACBB /* Products */;
			projectDirPath = "";
			projectRoot = "";
			targets = (
				877C6C1E24061D160056ACBB /* Git Exploration */,
			);
		};
/* End PBXProject section */

/* Begin PBXResourcesBuildPhase section */
		877C6C1D24061D160056ACBB /* Resources */ = {
			isa = PBXResourcesBuildPhase;
			buildActionMask = 2147483647;
			files = (
				877C6C3224061D170056ACBB /* LaunchScreen.storyboard in Resources */,
				877C6C2F24061D170056ACBB /* Assets.xcassets in Resources */,
				877C6C2D24061D160056ACBB /* Main.storyboard in Resources */,
			);
			runOnlyForDeploymentPostprocessing = 0;
		};
/* End PBXResourcesBuildPhase section */

/* Begin PBXSourcesBuildPhase section */
		877C6C1B24061D160056ACBB /* Sources */ = {
			isa = PBXSourcesBuildPhase;
			buildActionMask = 2147483647;
			files = (
				877C6C2A24061D160056ACBB /* ViewController.m in Sources */,
				877C6C2424061D160056ACBB /* AppDelegate.m in Sources */,
				877C6C3524061D170056ACBB /* main.m in Sources */,
				877C6C2724061D160056ACBB /* SceneDelegate.m in Sources */,
			);
			runOnlyForDeploymentPostprocessing = 0;
		};
/* End PBXSourcesBuildPhase section */

/* Begin PBXVariantGroup section */
		877C6C2B24061D160056ACBB /* Main.storyboard */ = {
			isa = PBXVariantGroup;
			children = (
				877C6C2C24061D160056ACBB /* Base */,
			);
			name = Main.storyboard;
			sourceTree = "<group>";
		};
		877C6C3024061D170056ACBB /* LaunchScreen.storyboard */ = {
			isa = PBXVariantGroup;
			children = (
				877C6C3124061D170056ACBB /* Base */,
			);
			name = LaunchScreen.storyboard;
			sourceTree = "<group>";
		};
/* End PBXVariantGroup section */

/* Begin XCBuildConfiguration section */
		877C6C3624061D170056ACBB /* Debug */ = {
			isa = XCBuildConfiguration;
			buildSettings = {
				ALWAYS_SEARCH_USER_PATHS = NO;
				CLANG_ANALYZER_NONNULL = YES;
				CLANG_ANALYZER_NUMBER_OBJECT_CONVERSION = YES_AGGRESSIVE;
				CLANG_CXX_LANGUAGE_STANDARD = "gnu++14";
				CLANG_CXX_LIBRARY = "libc++";
				CLANG_ENABLE_MODULES = YES;
				CLANG_ENABLE_OBJC_ARC = YES;
				CLANG_ENABLE_OBJC_WEAK = YES;
				CLANG_WARN_BLOCK_CAPTURE_AUTORELEASING = YES;
				CLANG_WARN_BOOL_CONVERSION = YES;
				CLANG_WARN_COMMA = YES;
				CLANG_WARN_CONSTANT_CONVERSION = YES;
				CLANG_WARN_DEPRECATED_OBJC_IMPLEMENTATIONS = YES;
				CLANG_WARN_DIRECT_OBJC_ISA_USAGE = YES_ERROR;
				CLANG_WARN_DOCUMENTATION_COMMENTS = YES;
				CLANG_WARN_EMPTY_BODY = YES;
				CLANG_WARN_ENUM_CONVERSION = YES;
				CLANG_WARN_INFINITE_RECURSION = YES;
				CLANG_WARN_INT_CONVERSION = YES;
				CLANG_WARN_NON_LITERAL_NULL_CONVERSION = YES;
				CLANG_WARN_OBJC_IMPLICIT_RETAIN_SELF = YES;
				CLANG_WARN_OBJC_LITERAL_CONVERSION = YES;
				CLANG_WARN_OBJC_ROOT_CLASS = YES_ERROR;
				CLANG_WARN_RANGE_LOOP_ANALYSIS = YES;
				CLANG_WARN_STRICT_PROTOTYPES = YES;
				CLANG_WARN_SUSPICIOUS_MOVE = YES;
				CLANG_WARN_UNGUARDED_AVAILABILITY = YES_AGGRESSIVE;
				CLANG_WARN_UNREACHABLE_CODE = YES;
				CLANG_WARN__DUPLICATE_METHOD_MATCH = YES;
				COPY_PHASE_STRIP = NO;
				DEBUG_INFORMATION_FORMAT = dwarf;
				ENABLE_STRICT_OBJC_MSGSEND = YES;
				ENABLE_TESTABILITY = YES;
				GCC_C_LANGUAGE_STANDARD = gnu11;
				GCC_DYNAMIC_NO_PIC = NO;
				GCC_NO_COMMON_BLOCKS = YES;
				GCC_OPTIMIZATION_LEVEL = 0;
				GCC_PREPROCESSOR_DEFINITIONS = (
					"DEBUG=1",
					"$(inherited)",
				);
				GCC_WARN_64_TO_32_BIT_CONVERSION = YES;
				GCC_WARN_ABOUT_RETURN_TYPE = YES_ERROR;
				GCC_WARN_UNDECLARED_SELECTOR = YES;
				GCC_WARN_UNINITIALIZED_AUTOS = YES_AGGRESSIVE;
				GCC_WARN_UNUSED_FUNCTION = YES;
				GCC_WARN_UNUSED_VARIABLE = YES;
				IPHONEOS_DEPLOYMENT_TARGET = 13.2;
				MTL_ENABLE_DEBUG_INFO = INCLUDE_SOURCE;
				MTL_FAST_MATH = YES;
				ONLY_ACTIVE_ARCH = YES;
				SDKROOT = iphoneos;
			};
			name = Debug;
		};
		877C6C3724061D170056ACBB /* Release */ = {
			isa = XCBuildConfiguration;
			buildSettings = {
				ALWAYS_SEARCH_USER_PATHS = NO;
				CLANG_ANALYZER_NONNULL = YES;
				CLANG_ANALYZER_NUMBER_OBJECT_CONVERSION = YES_AGGRESSIVE;
				CLANG_CXX_LANGUAGE_STANDARD = "gnu++14";
				CLANG_CXX_LIBRARY = "libc++";
				CLANG_ENABLE_MODULES = YES;
				CLANG_ENABLE_OBJC_ARC = YES;
				CLANG_ENABLE_OBJC_WEAK = YES;
				CLANG_WARN_BLOCK_CAPTURE_AUTORELEASING = YES;
				CLANG_WARN_BOOL_CONVERSION = YES;
				CLANG_WARN_COMMA = YES;
				CLANG_WARN_CONSTANT_CONVERSION = YES;
				CLANG_WARN_DEPRECATED_OBJC_IMPLEMENTATIONS = YES;
				CLANG_WARN_DIRECT_OBJC_ISA_USAGE = YES_ERROR;
				CLANG_WARN_DOCUMENTATION_COMMENTS = YES;
				CLANG_WARN_EMPTY_BODY = YES;
				CLANG_WARN_ENUM_CONVERSION = YES;
				CLANG_WARN_INFINITE_RECURSION = YES;
				CLANG_WARN_INT_CONVERSION = YES;
				CLANG_WARN_NON_LITERAL_NULL_CONVERSION = YES;
				CLANG_WARN_OBJC_IMPLICIT_RETAIN_SELF = YES;
				CLANG_WARN_OBJC_LITERAL_CONVERSION = YES;
				CLANG_WARN_OBJC_ROOT_CLASS = YES_ERROR;
				CLANG_WARN_RANGE_LOOP_ANALYSIS = YES;
				CLANG_WARN_STRICT_PROTOTYPES = YES;
				CLANG_WARN_SUSPICIOUS_MOVE = YES;
				CLANG_WARN_UNGUARDED_AVAILABILITY = YES_AGGRESSIVE;
				CLANG_WARN_UNREACHABLE_CODE = YES;
				CLANG_WARN__DUPLICATE_METHOD_MATCH = YES;
				COPY_PHASE_STRIP = NO;
				DEBUG_INFORMATION_FORMAT = "dwarf-with-dsym";
				ENABLE_NS_ASSERTIONS = NO;
				ENABLE_STRICT_OBJC_MSGSEND = YES;
				GCC_C_LANGUAGE_STANDARD = gnu11;
				GCC_NO_COMMON_BLOCKS = YES;
				GCC_WARN_64_TO_32_BIT_CONVERSION = YES;
				GCC_WARN_ABOUT_RETURN_TYPE = YES_ERROR;
				GCC_WARN_UNDECLARED_SELECTOR = YES;
				GCC_WARN_UNINITIALIZED_AUTOS = YES_AGGRESSIVE;
				GCC_WARN_UNUSED_FUNCTION = YES;
				GCC_WARN_UNUSED_VARIABLE = YES;
				IPHONEOS_DEPLOYMENT_TARGET = 13.2;
				MTL_ENABLE_DEBUG_INFO = NO;
				MTL_FAST_MATH = YES;
				SDKROOT = iphoneos;
				VALIDATE_PRODUCT = YES;
			};
			name = Release;
		};
		877C6C3924061D170056ACBB /* Debug */ = {
			isa = XCBuildConfiguration;
			buildSettings = {
				ASSETCATALOG_COMPILER_APPICON_NAME = AppIcon;
				CODE_SIGN_STYLE = Automatic;
				INFOPLIST_FILE = "Git Exploration/Info.plist";
				LD_RUNPATH_SEARCH_PATHS = (
					"$(inherited)",
					"@executable_path/Frameworks",
				);
				PRODUCT_BUNDLE_IDENTIFIER = "com.dimitribouniol.Git-Exploration";
				PRODUCT_NAME = "$(TARGET_NAME)";
				TARGETED_DEVICE_FAMILY = "1,2";
			};
			name = Debug;
		};
		877C6C3A24061D170056ACBB /* Release */ = {
			isa = XCBuildConfiguration;
			buildSettings = {
				ASSETCATALOG_COMPILER_APPICON_NAME = AppIcon;
				CODE_SIGN_STYLE = Automatic;
				INFOPLIST_FILE = "Git Exploration/Info.plist";
				LD_RUNPATH_SEARCH_PATHS = (
					"$(inherited)",
					"@executable_path/Frameworks",
				);
				PRODUCT_BUNDLE_IDENTIFIER = "com.dimitribouniol.Git-Exploration";
				PRODUCT_NAME = "$(TARGET_NAME)";
				TARGETED_DEVICE_FAMILY = "1,2";
			};
			name = Release;
		};
/* End XCBuildConfiguration section */

/* Begin XCConfigurationList section */
		877C6C1A24061D160056ACBB /* Build configuration list for PBXProject "Git Exploration" */ = {
			isa = XCConfigurationList;
			buildConfigurations = (
				877C6C3624061D170056ACBB /* Debug */,
				877C6C3724061D170056ACBB /* Release */,
			);
			defaultConfigurationIsVisible = 0;
			defaultConfigurationName = Release;
		};
		877C6C3824061D170056ACBB /* Build configuration list for PBXNativeTarget "Git Exploration" */ = {
			isa = XCConfigurationList;
			buildConfigurations = (
				877C6C3924061D170056ACBB /* Debug */,
				877C6C3A24061D170056ACBB /* Release */,
			);
			defaultConfigurationIsVisible = 0;
			defaultConfigurationName = Release;
		};
/* End XCConfigurationList section */
	};
	rootObject = 877C6C1724061D160056ACBB /* Project object */;
}
